<?xml version="1.0" encoding="utf-8"?>
<Project ToolsVersion="4.0" xmlns="http://schemas.microsoft.com/developer/msbuild/2003">
  <ItemGroup>
    <Filter Include="Source Files">
      <UniqueIdentifier>{4FC737F1-C7A5-4376-A066-2A32D752A2FF}</UniqueIdentifier>
      <Extensions>cpp;c;cc;cxx;def;odl;idl;hpj;bat;asm;asmx</Extensions>
    </Filter>
    <Filter Include="Header Files">
      <UniqueIdentifier>{93995380-89BD-4b04-88EB-625FBE52EBFB}</UniqueIdentifier>
      <Extensions>h;hh;hpp;hxx;hm;inl;inc;xsd</Extensions>
    </Filter>
    <Filter Include="Resource Files">
      <UniqueIdentifier>{67DA6AB6-F800-4c08-8B7A-83BB121AAD01}</UniqueIdentifier>
      <Extensions>rc;ico;cur;bmp;dlg;rc2;rct;bin;rgs;gif;jpg;jpeg;jpe;resx;tiff;tif;png;wav;mfcribbon-ms</Extensions>
    </Filter>
    <Filter Include="Header Files\Core">
      <UniqueIdentifier>{9e101e80-f3b7-45ac-ad97-4ffb45781eb7}</UniqueIdentifier>
    </Filter>
    <Filter Include="Header Files\Core\Main">
      <UniqueIdentifier>{2560f47d-d0af-4333-8bc3-4e2147c8ad4a}</UniqueIdentifier>
    </Filter>
    <Filter Include="Header Files\Define">
      <UniqueIdentifier>{843037ae-7f6d-40e6-af0f-8f6db1ff30d6}</UniqueIdentifier>
    </Filter>
    <Filter Include="Header Files\Core\Systems">
      <UniqueIdentifier>{0a6e7fee-e908-4968-b6de-d5c954b95697}</UniqueIdentifier>
    </Filter>
    <Filter Include="Header Files\SceneGraph">
      <UniqueIdentifier>{0d47ac4f-c3ec-4ba4-8514-122655fa1ed7}</UniqueIdentifier>
    </Filter>
    <Filter Include="Header Files\SceneGraph\Base">
      <UniqueIdentifier>{ac3e8db4-c51f-4f45-bf35-0a9eb37292df}</UniqueIdentifier>
    </Filter>
    <Filter Include="Header Files\Define\Context">
      <UniqueIdentifier>{4e205f6d-b7b3-43eb-9a8d-e11b70a530f4}</UniqueIdentifier>
    </Filter>
    <Filter Include="Header Files\Core\Systems\Base">
      <UniqueIdentifier>{c93eb534-bfbe-46f3-b9c7-9a6820d59016}</UniqueIdentifier>
    </Filter>
    <Filter Include="Header Files\Math">
      <UniqueIdentifier>{ba33880e-f4c3-41e3-b502-3e1fac194839}</UniqueIdentifier>
    </Filter>
    <Filter Include="Header Files\Core\Systems\Game">
      <UniqueIdentifier>{0a295ac8-413a-4c92-97a6-ad25cbde1fff}</UniqueIdentifier>
    </Filter>
    <Filter Include="Header Files\Core\Systems\Window">
      <UniqueIdentifier>{48325bbd-7680-491d-9ef0-4154579b3fc5}</UniqueIdentifier>
    </Filter>
    <Filter Include="Header Files\Core\Systems\Graphics">
      <UniqueIdentifier>{84caac75-3920-4494-ba5b-d8e8cb3cc79f}</UniqueIdentifier>
    </Filter>
    <Filter Include="Header Files\Core\Systems\Timer">
      <UniqueIdentifier>{c5f689a4-6ad1-4b0f-b9c4-afb2d638d934}</UniqueIdentifier>
    </Filter>
    <Filter Include="Header Files\Math\Shapes">
      <UniqueIdentifier>{698015c0-ae82-433e-8b72-dbf5ee77544e}</UniqueIdentifier>
    </Filter>
    <Filter Include="Header Files\Components">
      <UniqueIdentifier>{7c441f93-e6c7-4fd9-9662-d06a60061394}</UniqueIdentifier>
    </Filter>
    <Filter Include="Header Files\Helpers">
      <UniqueIdentifier>{00abc29f-4da7-400e-9df7-80dc2e1bc921}</UniqueIdentifier>
    </Filter>
  </ItemGroup>
  <ItemGroup>
    <ClCompile Include="WinMain.cpp">
      <Filter>Header Files\Core\Main</Filter>
    </ClCompile>
    <ClCompile Include="System.cpp">
      <Filter>Header Files\Core\Systems\Base</Filter>
    </ClCompile>
    <ClCompile Include="Vector2D.cpp">
      <Filter>Header Files\Math</Filter>
    </ClCompile>
    <ClCompile Include="Graphics.cpp">
      <Filter>Header Files\Core\Systems\Graphics</Filter>
    </ClCompile>
    <ClCompile Include="Game.cpp">
      <Filter>Header Files\Core\Systems\Game</Filter>
    </ClCompile>
    <ClCompile Include="Window.cpp">
      <Filter>Header Files\Core\Systems\Window</Filter>
    </ClCompile>
    <ClCompile Include="GraphicsDeviceManager.cpp">
      <Filter>Header Files\Core\Systems\Graphics</Filter>
    </ClCompile>
    <ClCompile Include="Renderer.cpp">
      <Filter>Header Files\Core\Systems\Graphics</Filter>
    </ClCompile>
    <ClCompile Include="Vector4D.cpp">
      <Filter>Header Files\Math</Filter>
    </ClCompile>
    <ClCompile Include="Vector3D.cpp">
      <Filter>Header Files\Math</Filter>
    </ClCompile>
    <ClCompile Include="Timer.cpp">
      <Filter>Header Files\Core\Systems\Timer</Filter>
    </ClCompile>
    <ClCompile Include="EngineTimer.cpp">
      <Filter>Header Files\Core\Systems\Timer</Filter>
    </ClCompile>
    <ClCompile Include="Engine.cpp">
      <Filter>Header Files\Core</Filter>
    </ClCompile>
    <ClCompile Include="BaseObject.cpp">
      <Filter>Header Files\SceneGraph\Base</Filter>
    </ClCompile>
    <ClCompile Include="Singleton.cpp">
      <Filter>Header Files\Helpers</Filter>
    </ClCompile>
    <ClCompile Include="Matrix3.cpp">
      <Filter>Header Files\Math</Filter>
    </ClCompile>
    <ClCompile Include="Matrix4.cpp">
      <Filter>Header Files\Math</Filter>
    </ClCompile>
    <ClCompile Include="Circle.cpp">
      <Filter>Header Files\Math\Shapes</Filter>
    </ClCompile>
    <ClCompile Include="Rect2D.cpp">
      <Filter>Header Files\Math\Shapes</Filter>
    </ClCompile>
    <ClCompile Include="Ray.cpp">
      <Filter>Header Files\Math\Shapes</Filter>
    </ClCompile>
    <ClCompile Include="Plane.cpp">
      <Filter>Header Files\Math\Shapes</Filter>
    </ClCompile>
    <ClCompile Include="TypeChecker.cpp">
      <Filter>Header Files\Helpers</Filter>
    </ClCompile>
    <ClCompile Include="Polygon.cpp">
      <Filter>Header Files\Math\Shapes</Filter>
    </ClCompile>
    <ClCompile Include="GameObject.cpp">
      <Filter>Header Files\Components</Filter>
    </ClCompile>
    <ClCompile Include="Component.cpp">
      <Filter>Header Files\Components</Filter>
    </ClCompile>
    <ClCompile Include="ComponentManager.cpp">
      <Filter>Header Files\Components</Filter>
    </ClCompile>
    <ClCompile Include="RenderComponent.cpp">
      <Filter>Header Files\Components</Filter>
    </ClCompile>
    <ClCompile Include="TransformComponent.cpp">
      <Filter>Header Files\Components</Filter>
    </ClCompile>
    <ClCompile Include="CircleCollider.cpp">
      <Filter>Header Files\Components</Filter>
    </ClCompile>
    <ClCompile Include="RectCollider.cpp">
      <Filter>Header Files\Components</Filter>
    </ClCompile>
    <ClCompile Include="PhysicsComponent.cpp">
      <Filter>Source Files</Filter>
    </ClCompile>
    <ClCompile Include="Quaternion.cpp">
      <Filter>Source Files</Filter>
    </ClCompile>
  </ItemGroup>
  <ItemGroup>
    <ClInclude Include="WinMain.h">
      <Filter>Header Files\Core\Main</Filter>
    </ClInclude>
    <ClInclude Include="string.h">
      <Filter>Header Files\Define</Filter>
    </ClInclude>
    <ClInclude Include="iostream.h">
      <Filter>Header Files\Define</Filter>
    </ClInclude>
    <ClInclude Include="deletemacros.h">
      <Filter>Header Files\Define</Filter>
    </ClInclude>
    <ClInclude Include="Context.h">
      <Filter>Header Files\Define\Context</Filter>
    </ClInclude>
    <ClInclude Include="System.h">
      <Filter>Header Files\Core\Systems\Base</Filter>
    </ClInclude>
    <ClInclude Include="Vector2D.h">
      <Filter>Header Files\Math</Filter>
    </ClInclude>
    <ClInclude Include="color.h">
      <Filter>Header Files\Define</Filter>
    </ClInclude>
    <ClInclude Include="Game.h">
      <Filter>Header Files\Core\Systems\Game</Filter>
    </ClInclude>
    <ClInclude Include="Graphics.h">
      <Filter>Header Files\Core\Systems\Graphics</Filter>
    </ClInclude>
    <ClInclude Include="Window.h">
      <Filter>Header Files\Core\Systems\Window</Filter>
    </ClInclude>
    <ClInclude Include="d2dutill.h">
      <Filter>Header Files\Define</Filter>
    </ClInclude>
    <ClInclude Include="Renderer.h">
      <Filter>Header Files\Core\Systems\Graphics</Filter>
    </ClInclude>
    <ClInclude Include="Vector4D.h">
      <Filter>Header Files\Math</Filter>
    </ClInclude>
    <ClInclude Include="Vector3D.h">
      <Filter>Header Files\Math</Filter>
    </ClInclude>
    <ClInclude Include="Timer.h">
      <Filter>Header Files\Core\Systems\Timer</Filter>
    </ClInclude>
    <ClInclude Include="EngineTimer.h">
      <Filter>Header Files\Core\Systems\Timer</Filter>
    </ClInclude>
    <ClInclude Include="Engine.h">
      <Filter>Header Files\Core</Filter>
    </ClInclude>
    <ClInclude Include="BaseObject.h">
      <Filter>Header Files\SceneGraph\Base</Filter>
    </ClInclude>
    <ClInclude Include="ObjectCounter.h">
      <Filter>Header Files\Helpers</Filter>
    </ClInclude>
    <ClInclude Include="Singleton.h">
      <Filter>Header Files\Helpers</Filter>
    </ClInclude>
    <ClInclude Include="Matrix3.h">
      <Filter>Header Files\Math</Filter>
    </ClInclude>
    <ClInclude Include="Matrix4.h">
      <Filter>Header Files\Math</Filter>
    </ClInclude>
    <ClInclude Include="Circle.h">
      <Filter>Header Files\Math\Shapes</Filter>
    </ClInclude>
    <ClInclude Include="Rect2D.h">
      <Filter>Header Files\Math\Shapes</Filter>
    </ClInclude>
    <ClInclude Include="Ray.h">
      <Filter>Header Files\Math\Shapes</Filter>
    </ClInclude>
    <ClInclude Include="Plane.h">
      <Filter>Header Files\Math\Shapes</Filter>
    </ClInclude>
    <ClInclude Include="Polygon.h">
      <Filter>Header Files\Math\Shapes</Filter>
    </ClInclude>
    <ClInclude Include="GraphicsDeviceManager.h">
      <Filter>Header Files\Core\Systems\Graphics</Filter>
    </ClInclude>
    <ClInclude Include="TypeChecker.h">
      <Filter>Header Files\Helpers</Filter>
    </ClInclude>
    <ClInclude Include="GameObject.h">
      <Filter>Header Files\Components</Filter>
    </ClInclude>
    <ClInclude Include="Find_All.h">
      <Filter>Header Files\Helpers</Filter>
    </ClInclude>
    <ClInclude Include="Component.h">
      <Filter>Header Files\Components</Filter>
    </ClInclude>
    <ClInclude Include="ComponentManager.h">
      <Filter>Header Files\Components</Filter>
    </ClInclude>
    <ClInclude Include="RenderComponent.h">
      <Filter>Header Files\Components</Filter>
    </ClInclude>
    <ClInclude Include="TransformComponent.h">
      <Filter>Header Files\Components</Filter>
    </ClInclude>
    <ClInclude Include="CircleCollider.h">
      <Filter>Header Files\Components</Filter>
    </ClInclude>
    <ClInclude Include="Collision.h">
      <Filter>Header Files\Helpers</Filter>
    </ClInclude>
    <ClInclude Include="RectCollider.h">
      <Filter>Header Files\Components</Filter>
    </ClInclude>
    <ClInclude Include="PhysicsComponent.h">
      <Filter>Header Files</Filter>
    </ClInclude>
    <ClInclude Include="Quaternion.h">
      <Filter>Header Files</Filter>
    </ClInclude>
    <ClInclude Include="MathHelper.h">
      <Filter>Header Files\Helpers</Filter>
    </ClInclude>
  </ItemGroup>
</Project>